PODS:
  - SDWebImage (5.13.3):
    - SDWebImage/Core (= 5.13.3)
  - SDWebImage/Core (5.13.3)

DEPENDENCIES:
  - SDWebImage (~> 5.0)

SPEC REPOS:
  trunk:
    - SDWebImage

SPEC CHECKSUMS:
  SDWebImage: af5bbffef2cde09f148d826f9733dcde1a9414cd

PODFILE CHECKSUM: a3dc0e6f3913337a30a5dc089853fb5085ed8cd1

COCOAPODS: 1.11.3
